
Microsoft Visual Studio Solution File, Format Version 12.00
# Visual Studio Version 16
VisualStudioVersion = 16.0.31702.278
MinimumVisualStudioVersion = 10.0.40219.1
Project("{FAE04EC0-301F-11D3-BF4B-00C04F79EFBC}") = "Ex1", "Ex1\Ex1.csproj", "{36A82FD3-FE2B-4B72-A7AE-0055482A5677}"
EndProject
Project("{FAE04EC0-301F-11D3-BF4B-00C04F79EFBC}") = "Ex2", "Ex2\Ex2.csproj", "{CDBEFAFB-551F-4310-9387-E2EF52D37E03}"
EndProject
Project("{FAE04EC0-301F-11D3-BF4B-00C04F79EFBC}") = "Ex3", "Ex4\Ex3.csproj", "{C81224AA-2B73-49BF-B3FF-343BC26F2B89}"
EndProject
Global
	GlobalSection(SolutionConfigurationPlatforms) = preSolution
		Debug|ARM = Debug|ARM
		Debug|ARM64 = Debug|ARM64
		Debug|x64 = Debug|x64
		Debug|x86 = Debug|x86
		Release|ARM = Release|ARM
		Release|ARM64 = Release|ARM64
		Release|x64 = Release|x64
		Release|x86 = Release|x86
	EndGlobalSection
	GlobalSection(ProjectConfigurationPlatforms) = postSolution
		{36A82FD3-FE2B-4B72-A7AE-0055482A5677}.Debug|ARM.ActiveCfg = Debug|ARM
		{36A82FD3-FE2B-4B72-A7AE-0055482A5677}.Debug|ARM.Build.0 = Debug|ARM
		{36A82FD3-FE2B-4B72-A7AE-0055482A5677}.Debug|ARM.Deploy.0 = Debug|ARM
		{36A82FD3-FE2B-4B72-A7AE-0055482A5677}.Debug|ARM64.ActiveCfg = Debug|ARM64
		{36A82FD3-FE2B-4B72-A7AE-0055482A5677}.Debug|ARM64.Build.0 = Debug|ARM64
		{36A82FD3-FE2B-4B72-A7AE-0055482A5677}.Debug|ARM64.Deploy.0 = Debug|ARM64
		{36A82FD3-FE2B-4B72-A7AE-0055482A5677}.Debug|x64.ActiveCfg = Debug|x64
		{36A82FD3-FE2B-4B72-A7AE-0055482A5677}.Debug|x64.Build.0 = Debug|x64
		{36A82FD3-FE2B-4B72-A7AE-0055482A5677}.Debug|x64.Deploy.0 = Debug|x64
		{36A82FD3-FE2B-4B72-A7AE-0055482A5677}.Debug|x86.ActiveCfg = Debug|x86
		{36A82FD3-FE2B-4B72-A7AE-0055482A5677}.Debug|x86.Build.0 = Debug|x86
		{36A82FD3-FE2B-4B72-A7AE-0055482A5677}.Debug|x86.Deploy.0 = Debug|x86
		{36A82FD3-FE2B-4B72-A7AE-0055482A5677}.Release|ARM.ActiveCfg = Release|ARM
		{36A82FD3-FE2B-4B72-A7AE-0055482A5677}.Release|ARM.Build.0 = Release|ARM
		{36A82FD3-FE2B-4B72-A7AE-0055482A5677}.Release|ARM.Deploy.0 = Release|ARM
		{36A82FD3-FE2B-4B72-A7AE-0055482A5677}.Release|ARM64.ActiveCfg = Release|ARM64
		{36A82FD3-FE2B-4B72-A7AE-0055482A5677}.Release|ARM64.Build.0 = Release|ARM64
		{36A82FD3-FE2B-4B72-A7AE-0055482A5677}.Release|ARM64.Deploy.0 = Release|ARM64
		{36A82FD3-FE2B-4B72-A7AE-0055482A5677}.Release|x64.ActiveCfg = Release|x64
		{36A82FD3-FE2B-4B72-A7AE-0055482A5677}.Release|x64.Build.0 = Release|x64
		{36A82FD3-FE2B-4B72-A7AE-0055482A5677}.Release|x64.Deploy.0 = Release|x64
		{36A82FD3-FE2B-4B72-A7AE-0055482A5677}.Release|x86.ActiveCfg = Release|x86
		{36A82FD3-FE2B-4B72-A7AE-0055482A5677}.Release|x86.Build.0 = Release|x86
		{36A82FD3-FE2B-4B72-A7AE-0055482A5677}.Release|x86.Deploy.0 = Release|x86
		{CDBEFAFB-551F-4310-9387-E2EF52D37E03}.Debug|ARM.ActiveCfg = Debug|ARM
		{CDBEFAFB-551F-4310-9387-E2EF52D37E03}.Debug|ARM.Build.0 = Debug|ARM
		{CDBEFAFB-551F-4310-9387-E2EF52D37E03}.Debug|ARM.Deploy.0 = Debug|ARM
		{CDBEFAFB-551F-4310-9387-E2EF52D37E03}.Debug|ARM64.ActiveCfg = Debug|ARM64
		{CDBEFAFB-551F-4310-9387-E2EF52D37E03}.Debug|ARM64.Build.0 = Debug|ARM64
		{CDBEFAFB-551F-4310-9387-E2EF52D37E03}.Debug|ARM64.Deploy.0 = Debug|ARM64
		{CDBEFAFB-551F-4310-9387-E2EF52D37E03}.Debug|x64.ActiveCfg = Debug|x64
		{CDBEFAFB-551F-4310-9387-E2EF52D37E03}.Debug|x64.Build.0 = Debug|x64
		{CDBEFAFB-551F-4310-9387-E2EF52D37E03}.Debug|x64.Deploy.0 = Debug|x64
		{CDBEFAFB-551F-4310-9387-E2EF52D37E03}.Debug|x86.ActiveCfg = Debug|x86
		{CDBEFAFB-551F-4310-9387-E2EF52D37E03}.Debug|x86.Build.0 = Debug|x86
		{CDBEFAFB-551F-4310-9387-E2EF52D37E03}.Debug|x86.Deploy.0 = Debug|x86
		{CDBEFAFB-551F-4310-9387-E2EF52D37E03}.Release|ARM.ActiveCfg = Release|ARM
		{CDBEFAFB-551F-4310-9387-E2EF52D37E03}.Release|ARM.Build.0 = Release|ARM
		{CDBEFAFB-551F-4310-9387-E2EF52D37E03}.Release|ARM.Deploy.0 = Release|ARM
		{CDBEFAFB-551F-4310-9387-E2EF52D37E03}.Release|ARM64.ActiveCfg = Release|ARM64
		{CDBEFAFB-551F-4310-9387-E2EF52D37E03}.Release|ARM64.Build.0 = Release|ARM64
		{CDBEFAFB-551F-4310-9387-E2EF52D37E03}.Release|ARM64.Deploy.0 = Release|ARM64
		{CDBEFAFB-551F-4310-9387-E2EF52D37E03}.Release|x64.ActiveCfg = Release|x64
		{CDBEFAFB-551F-4310-9387-E2EF52D37E03}.Release|x64.Build.0 = Release|x64
		{CDBEFAFB-551F-4310-9387-E2EF52D37E03}.Release|x64.Deploy.0 = Release|x64
		{CDBEFAFB-551F-4310-9387-E2EF52D37E03}.Release|x86.ActiveCfg = Release|x86
		{CDBEFAFB-551F-4310-9387-E2EF52D37E03}.Release|x86.Build.0 = Release|x86
		{CDBEFAFB-551F-4310-9387-E2EF52D37E03}.Release|x86.Deploy.0 = Release|x86
		{C81224AA-2B73-49BF-B3FF-343BC26F2B89}.Debug|ARM.ActiveCfg = Debug|ARM
		{C81224AA-2B73-49BF-B3FF-343BC26F2B89}.Debug|ARM.Build.0 = Debug|ARM
		{C81224AA-2B73-49BF-B3FF-343BC26F2B89}.Debug|ARM.Deploy.0 = Debug|ARM
		{C81224AA-2B73-49BF-B3FF-343BC26F2B89}.Debug|ARM64.ActiveCfg = Debug|ARM64
		{C81224AA-2B73-49BF-B3FF-343BC26F2B89}.Debug|ARM64.Build.0 = Debug|ARM64
		{C81224AA-2B73-49BF-B3FF-343BC26F2B89}.Debug|ARM64.Deploy.0 = Debug|ARM64
		{C81224AA-2B73-49BF-B3FF-343BC26F2B89}.Debug|x64.ActiveCfg = Debug|x64
		{C81224AA-2B73-49BF-B3FF-343BC26F2B89}.Debug|x64.Build.0 = Debug|x64
		{C81224AA-2B73-49BF-B3FF-343BC26F2B89}.Debug|x64.Deploy.0 = Debug|x64
		{C81224AA-2B73-49BF-B3FF-343BC26F2B89}.Debug|x86.ActiveCfg = Debug|x86
		{C81224AA-2B73-49BF-B3FF-343BC26F2B89}.Debug|x86.Build.0 = Debug|x86
		{C81224AA-2B73-49BF-B3FF-343BC26F2B89}.Debug|x86.Deploy.0 = Debug|x86
		{C81224AA-2B73-49BF-B3FF-343BC26F2B89}.Release|ARM.ActiveCfg = Release|ARM
		{C81224AA-2B73-49BF-B3FF-343BC26F2B89}.Release|ARM.Build.0 = Release|ARM
		{C81224AA-2B73-49BF-B3FF-343BC26F2B89}.Release|ARM.Deploy.0 = Release|ARM
		{C81224AA-2B73-49BF-B3FF-343BC26F2B89}.Release|ARM64.ActiveCfg = Release|ARM64
		{C81224AA-2B73-49BF-B3FF-343BC26F2B89}.Release|ARM64.Build.0 = Release|ARM64
		{C81224AA-2B73-49BF-B3FF-343BC26F2B89}.Release|ARM64.Deploy.0 = Release|ARM64
		{C81224AA-2B73-49BF-B3FF-343BC26F2B89}.Release|x64.ActiveCfg = Release|x64
		{C81224AA-2B73-49BF-B3FF-343BC26F2B89}.Release|x64.Build.0 = Release|x64
		{C81224AA-2B73-49BF-B3FF-343BC26F2B89}.Release|x64.Deploy.0 = Release|x64
		{C81224AA-2B73-49BF-B3FF-343BC26F2B89}.Release|x86.ActiveCfg = Release|x86
		{C81224AA-2B73-49BF-B3FF-343BC26F2B89}.Release|x86.Build.0 = Release|x86
		{C81224AA-2B73-49BF-B3FF-343BC26F2B89}.Release|x86.Deploy.0 = Release|x86
	EndGlobalSection
	GlobalSection(SolutionProperties) = preSolution
		HideSolutionNode = FALSE
	EndGlobalSection
	GlobalSection(ExtensibilityGlobals) = postSolution
		SolutionGuid = {829175FA-F7F7-484B-A7CB-03B1A88ED431}
	EndGlobalSection
EndGlobal
